// !$*UTF8*$!
{
	archiveVersion = 1;
	classes = {
	};
	objectVersion = 55;
	objects = {

/* Begin PBXBuildFile section */
		5A2A36F42988DD28004D75EB /* SignInViewController.swift in Sources */ = {isa = PBXBuildFile; fileRef = 5A2A36F32988DD28004D75EB /* SignInViewController.swift */; };
		5A2A36F62988DD3B004D75EB /* HomeViewController.swift in Sources */ = {isa = PBXBuildFile; fileRef = 5A2A36F52988DD3B004D75EB /* HomeViewController.swift */; };
		5AC4880C298CD8A9006F1AC4 /* NetworkManager.swift in Sources */ = {isa = PBXBuildFile; fileRef = 5AC4880B298CD8A9006F1AC4 /* NetworkManager.swift */; };
		5AC4880E298CDC6B006F1AC4 /* Model.swift in Sources */ = {isa = PBXBuildFile; fileRef = 5AC4880D298CDC6B006F1AC4 /* Model.swift */; };
		5AC48810298CFFF3006F1AC4 /* PasskeysStringConstants.swift in Sources */ = {isa = PBXBuildFile; fileRef = 5AC4880F298CFFF3006F1AC4 /* PasskeysStringConstants.swift */; };
		5AC48812298D1048006F1AC4 /* APIService.swift in Sources */ = {isa = PBXBuildFile; fileRef = 5AC48811298D1047006F1AC4 /* APIService.swift */; };
		5AC48814298D178D006F1AC4 /* SignInViewModel.swift in Sources */ = {isa = PBXBuildFile; fileRef = 5AC48813298D178D006F1AC4 /* SignInViewModel.swift */; };
		5AC83A64297BDC610097B120 /* AccountManager.swift in Sources */ = {isa = PBXBuildFile; fileRef = 5AC83A63297BDC610097B120 /* AccountManager.swift */; };
		5ADFAF06297958240003A98D /* AppDelegate.swift in Sources */ = {isa = PBXBuildFile; fileRef = 5ADFAF05297958240003A98D /* AppDelegate.swift */; };
		5ADFAF08297958240003A98D /* SceneDelegate.swift in Sources */ = {isa = PBXBuildFile; fileRef = 5ADFAF07297958240003A98D /* SceneDelegate.swift */; };
		5ADFAF0D297958240003A98D /* Main.storyboard in Resources */ = {isa = PBXBuildFile; fileRef = 5ADFAF0B297958240003A98D /* Main.storyboard */; };
		5ADFAF0F297958250003A98D /* Assets.xcassets in Resources */ = {isa = PBXBuildFile; fileRef = 5ADFAF0E297958250003A98D /* Assets.xcassets */; };
		5ADFAF12297958250003A98D /* LaunchScreen.storyboard in Resources */ = {isa = PBXBuildFile; fileRef = 5ADFAF10297958250003A98D /* LaunchScreen.storyboard */; };
/* End PBXBuildFile section */

/* Begin PBXFileReference section */
		5A2A36F32988DD28004D75EB /* SignInViewController.swift */ = {isa = PBXFileReference; lastKnownFileType = sourcecode.swift; path = SignInViewController.swift; sourceTree = "<group>"; };
		5A2A36F52988DD3B004D75EB /* HomeViewController.swift */ = {isa = PBXFileReference; lastKnownFileType = sourcecode.swift; path = HomeViewController.swift; sourceTree = "<group>"; };
		5AC4880B298CD8A9006F1AC4 /* NetworkManager.swift */ = {isa = PBXFileReference; lastKnownFileType = sourcecode.swift; path = NetworkManager.swift; sourceTree = "<group>"; };
		5AC4880D298CDC6B006F1AC4 /* Model.swift */ = {isa = PBXFileReference; lastKnownFileType = sourcecode.swift; path = Model.swift; sourceTree = "<group>"; };
		5AC4880F298CFFF3006F1AC4 /* PasskeysStringConstants.swift */ = {isa = PBXFileReference; lastKnownFileType = sourcecode.swift; path = PasskeysStringConstants.swift; sourceTree = "<group>"; };
		5AC48811298D1047006F1AC4 /* APIService.swift */ = {isa = PBXFileReference; lastKnownFileType = sourcecode.swift; path = APIService.swift; sourceTree = "<group>"; };
		5AC48813298D178D006F1AC4 /* SignInViewModel.swift */ = {isa = PBXFileReference; lastKnownFileType = sourcecode.swift; path = SignInViewModel.swift; sourceTree = "<group>"; };
		5AC83A63297BDC610097B120 /* AccountManager.swift */ = {isa = PBXFileReference; lastKnownFileType = sourcecode.swift; path = AccountManager.swift; sourceTree = "<group>"; };
		5ADFAF02297958240003A98D /* PassKeysPOC.app */ = {isa = PBXFileReference; explicitFileType = wrapper.application; includeInIndex = 0; path = PassKeysPOC.app; sourceTree = BUILT_PRODUCTS_DIR; };
		5ADFAF05297958240003A98D /* AppDelegate.swift */ = {isa = PBXFileReference; lastKnownFileType = sourcecode.swift; path = AppDelegate.swift; sourceTree = "<group>"; };
		5ADFAF07297958240003A98D /* SceneDelegate.swift */ = {isa = PBXFileReference; lastKnownFileType = sourcecode.swift; path = SceneDelegate.swift; sourceTree = "<group>"; };
		5ADFAF0C297958240003A98D /* Base */ = {isa = PBXFileReference; lastKnownFileType = file.storyboard; name = Base; path = Base.lproj/Main.storyboard; sourceTree = "<group>"; };
		5ADFAF0E297958250003A98D /* Assets.xcassets */ = {isa = PBXFileReference; lastKnownFileType = folder.assetcatalog; path = Assets.xcassets; sourceTree = "<group>"; };
		5ADFAF11297958250003A98D /* Base */ = {isa = PBXFileReference; lastKnownFileType = file.storyboard; name = Base; path = Base.lproj/LaunchScreen.storyboard; sourceTree = "<group>"; };
		5ADFAF13297958250003A98D /* Info.plist */ = {isa = PBXFileReference; lastKnownFileType = text.plist.xml; path = Info.plist; sourceTree = "<group>"; };
		5AEBB7372989397700E3D698 /* PassKeysPOC.entitlements */ = {isa = PBXFileReference; lastKnownFileType = text.plist.entitlements; path = PassKeysPOC.entitlements; sourceTree = "<group>"; };
/* End PBXFileReference section */

/* Begin PBXFrameworksBuildPhase section */
		5ADFAEFF297958240003A98D /* Frameworks */ = {
			isa = PBXFrameworksBuildPhase;
			buildActionMask = 2147483647;
			files = (
			);
			runOnlyForDeploymentPostprocessing = 0;
		};
/* End PBXFrameworksBuildPhase section */

/* Begin PBXGroup section */
		5ADFAEF9297958240003A98D = {
			isa = PBXGroup;
			children = (
				5ADFAF04297958240003A98D /* PassKeysPOC */,
				5ADFAF03297958240003A98D /* Products */,
			);
			sourceTree = "<group>";
		};
		5ADFAF03297958240003A98D /* Products */ = {
			isa = PBXGroup;
			children = (
				5ADFAF02297958240003A98D /* PassKeysPOC.app */,
			);
			name = Products;
			sourceTree = "<group>";
		};
		5ADFAF04297958240003A98D /* PassKeysPOC */ = {
			isa = PBXGroup;
			children = (
				5AEBB7372989397700E3D698 /* PassKeysPOC.entitlements */,
				5ADFAF05297958240003A98D /* AppDelegate.swift */,
				5ADFAF07297958240003A98D /* SceneDelegate.swift */,
				5ADFAF0B297958240003A98D /* Main.storyboard */,
				5ADFAF0E297958250003A98D /* Assets.xcassets */,
				5ADFAF10297958250003A98D /* LaunchScreen.storyboard */,
				5ADFAF13297958250003A98D /* Info.plist */,
				5AC83A63297BDC610097B120 /* AccountManager.swift */,
				5A2A36F32988DD28004D75EB /* SignInViewController.swift */,
				5A2A36F52988DD3B004D75EB /* HomeViewController.swift */,
				5AC4880B298CD8A9006F1AC4 /* NetworkManager.swift */,
				5AC4880D298CDC6B006F1AC4 /* Model.swift */,
				5AC4880F298CFFF3006F1AC4 /* PasskeysStringConstants.swift */,
				5AC48811298D1047006F1AC4 /* APIService.swift */,
				5AC48813298D178D006F1AC4 /* SignInViewModel.swift */,
			);
			path = PassKeysPOC;
			sourceTree = "<group>";
		};
/* End PBXGroup section */

/* Begin PBXNativeTarget section */
		5ADFAF01297958240003A98D /* PassKeysPOC */ = {
			isa = PBXNativeTarget;
			buildConfigurationList = 5ADFAF16297958250003A98D /* Build configuration list for PBXNativeTarget "PassKeysPOC" */;
			buildPhases = (
				5ADFAEFE297958240003A98D /* Sources */,
				5ADFAEFF297958240003A98D /* Frameworks */,
				5ADFAF00297958240003A98D /* Resources */,
			);
			buildRules = (
			);
			dependencies = (
			);
			name = PassKeysPOC;
			productName = PassKeysPOC;
			productReference = 5ADFAF02297958240003A98D /* PassKeysPOC.app */;
			productType = "com.apple.product-type.application";
		};
/* End PBXNativeTarget section */

/* Begin PBXProject section */
		5ADFAEFA297958240003A98D /* Project object */ = {
			isa = PBXProject;
			attributes = {
				BuildIndependentTargetsInParallel = 1;
				LastSwiftUpdateCheck = 1340;
				LastUpgradeCheck = 1340;
				TargetAttributes = {
					5ADFAF01297958240003A98D = {
						CreatedOnToolsVersion = 13.4.1;
					};
				};
			};
			buildConfigurationList = 5ADFAEFD297958240003A98D /* Build configuration list for PBXProject "PassKeysPOC" */;
			compatibilityVersion = "Xcode 13.0";
			developmentRegion = en;
			hasScannedForEncodings = 0;
			knownRegions = (
				en,
				Base,
			);
			mainGroup = 5ADFAEF9297958240003A98D;
			productRefGroup = 5ADFAF03297958240003A98D /* Products */;
			projectDirPath = "";
			projectRoot = "";
			targets = (
				5ADFAF01297958240003A98D /* PassKeysPOC */,
			);
		};
/* End PBXProject section */

/* Begin PBXResourcesBuildPhase section */
		5ADFAF00297958240003A98D /* Resources */ = {
			isa = PBXResourcesBuildPhase;
			buildActionMask = 2147483647;
			files = (
				5ADFAF12297958250003A98D /* LaunchScreen.storyboard in Resources */,
				5ADFAF0F297958250003A98D /* Assets.xcassets in Resources */,
				5ADFAF0D297958240003A98D /* Main.storyboard in Resources */,
			);
			runOnlyForDeploymentPostprocessing = 0;
		};
/* End PBXResourcesBuildPhase section */

/* Begin PBXSourcesBuildPhase section */
		5ADFAEFE297958240003A98D /* Sources */ = {
			isa = PBXSourcesBuildPhase;
			buildActionMask = 2147483647;
			files = (
				5AC4880E298CDC6B006F1AC4 /* Model.swift in Sources */,
				5AC4880C298CD8A9006F1AC4 /* NetworkManager.swift in Sources */,
				5A2A36F62988DD3B004D75EB /* HomeViewController.swift in Sources */,
				5A2A36F42988DD28004D75EB /* SignInViewController.swift in Sources */,
				5AC48814298D178D006F1AC4 /* SignInViewModel.swift in Sources */,
				5AC83A64297BDC610097B120 /* AccountManager.swift in Sources */,
				5ADFAF06297958240003A98D /* AppDelegate.swift in Sources */,
				5ADFAF08297958240003A98D /* SceneDelegate.swift in Sources */,
				5AC48812298D1048006F1AC4 /* APIService.swift in Sources */,
				5AC48810298CFFF3006F1AC4 /* PasskeysStringConstants.swift in Sources */,
			);
			runOnlyForDeploymentPostprocessing = 0;
		};
/* End PBXSourcesBuildPhase section */

/* Begin PBXVariantGroup section */
		5ADFAF0B297958240003A98D /* Main.storyboard */ = {
			isa = PBXVariantGroup;
			children = (
				5ADFAF0C297958240003A98D /* Base */,
			);
			name = Main.storyboard;
			sourceTree = "<group>";
		};
		5ADFAF10297958250003A98D /* LaunchScreen.storyboard */ = {
			isa = PBXVariantGroup;
			children = (
				5ADFAF11297958250003A98D /* Base */,
			);
			name = LaunchScreen.storyboard;
			sourceTree = "<group>";
		};
/* End PBXVariantGroup section */

/* Begin XCBuildConfiguration section */
		5ADFAF14297958250003A98D /* Debug */ = {
			isa = XCBuildConfiguration;
			buildSettings = {
				ALWAYS_SEARCH_USER_PATHS = NO;
				CLANG_ANALYZER_NONNULL = YES;
				CLANG_ANALYZER_NUMBER_OBJECT_CONVERSION = YES_AGGRESSIVE;
				CLANG_CXX_LANGUAGE_STANDARD = "gnu++17";
				CLANG_ENABLE_MODULES = YES;
				CLANG_ENABLE_OBJC_ARC = YES;
				CLANG_ENABLE_OBJC_WEAK = YES;
				CLANG_WARN_BLOCK_CAPTURE_AUTORELEASING = YES;
				CLANG_WARN_BOOL_CONVERSION = YES;
				CLANG_WARN_COMMA = YES;
				CLANG_WARN_CONSTANT_CONVERSION = YES;
				CLANG_WARN_DEPRECATED_OBJC_IMPLEMENTATIONS = YES;
				CLANG_WARN_DIRECT_OBJC_ISA_USAGE = YES_ERROR;
				CLANG_WARN_DOCUMENTATION_COMMENTS = YES;
				CLANG_WARN_EMPTY_BODY = YES;
				CLANG_WARN_ENUM_CONVERSION = YES;
				CLANG_WARN_INFINITE_RECURSION = YES;
				CLANG_WARN_INT_CONVERSION = YES;
				CLANG_WARN_NON_LITERAL_NULL_CONVERSION = YES;
				CLANG_WARN_OBJC_IMPLICIT_RETAIN_SELF = YES;
				CLANG_WARN_OBJC_LITERAL_CONVERSION = YES;
				CLANG_WARN_OBJC_ROOT_CLASS = YES_ERROR;
				CLANG_WARN_QUOTED_INCLUDE_IN_FRAMEWORK_HEADER = YES;
				CLANG_WARN_RANGE_LOOP_ANALYSIS = YES;
				CLANG_WARN_STRICT_PROTOTYPES = YES;
				CLANG_WARN_SUSPICIOUS_MOVE = YES;
				CLANG_WARN_UNGUARDED_AVAILABILITY = YES_AGGRESSIVE;
				CLANG_WARN_UNREACHABLE_CODE = YES;
				CLANG_WARN__DUPLICATE_METHOD_MATCH = YES;
				COPY_PHASE_STRIP = NO;
				DEBUG_INFORMATION_FORMAT = dwarf;
				ENABLE_STRICT_OBJC_MSGSEND = YES;
				ENABLE_TESTABILITY = YES;
				GCC_C_LANGUAGE_STANDARD = gnu11;
				GCC_DYNAMIC_NO_PIC = NO;
				GCC_NO_COMMON_BLOCKS = YES;
				GCC_OPTIMIZATION_LEVEL = 0;
				GCC_PREPROCESSOR_DEFINITIONS = (
					"DEBUG=1",
					"$(inherited)",
				);
				GCC_WARN_64_TO_32_BIT_CONVERSION = YES;
				GCC_WARN_ABOUT_RETURN_TYPE = YES_ERROR;
				GCC_WARN_UNDECLARED_SELECTOR = YES;
				GCC_WARN_UNINITIALIZED_AUTOS = YES_AGGRESSIVE;
				GCC_WARN_UNUSED_FUNCTION = YES;
				GCC_WARN_UNUSED_VARIABLE = YES;
				IPHONEOS_DEPLOYMENT_TARGET = 15.5;
				MTL_ENABLE_DEBUG_INFO = INCLUDE_SOURCE;
				MTL_FAST_MATH = YES;
				ONLY_ACTIVE_ARCH = YES;
				SDKROOT = iphoneos;
				SWIFT_ACTIVE_COMPILATION_CONDITIONS = DEBUG;
				SWIFT_OPTIMIZATION_LEVEL = "-Onone";
			};
			name = Debug;
		};
		5ADFAF15297958250003A98D /* Release */ = {
			isa = XCBuildConfiguration;
			buildSettings = {
				ALWAYS_SEARCH_USER_PATHS = NO;
				CLANG_ANALYZER_NONNULL = YES;
				CLANG_ANALYZER_NUMBER_OBJECT_CONVERSION = YES_AGGRESSIVE;
				CLANG_CXX_LANGUAGE_STANDARD = "gnu++17";
				CLANG_ENABLE_MODULES = YES;
				CLANG_ENABLE_OBJC_ARC = YES;
				CLANG_ENABLE_OBJC_WEAK = YES;
				CLANG_WARN_BLOCK_CAPTURE_AUTORELEASING = YES;
				CLANG_WARN_BOOL_CONVERSION = YES;
				CLANG_WARN_COMMA = YES;
				CLANG_WARN_CONSTANT_CONVERSION = YES;
				CLANG_WARN_DEPRECATED_OBJC_IMPLEMENTATIONS = YES;
				CLANG_WARN_DIRECT_OBJC_ISA_USAGE = YES_ERROR;
				CLANG_WARN_DOCUMENTATION_COMMENTS = YES;
				CLANG_WARN_EMPTY_BODY = YES;
				CLANG_WARN_ENUM_CONVERSION = YES;
				CLANG_WARN_INFINITE_RECURSION = YES;
				CLANG_WARN_INT_CONVERSION = YES;
				CLANG_WARN_NON_LITERAL_NULL_CONVERSION = YES;
				CLANG_WARN_OBJC_IMPLICIT_RETAIN_SELF = YES;
				CLANG_WARN_OBJC_LITERAL_CONVERSION = YES;
				CLANG_WARN_OBJC_ROOT_CLASS = YES_ERROR;
				CLANG_WARN_QUOTED_INCLUDE_IN_FRAMEWORK_HEADER = YES;
				CLANG_WARN_RANGE_LOOP_ANALYSIS = YES;
				CLANG_WARN_STRICT_PROTOTYPES = YES;
				CLANG_WARN_SUSPICIOUS_MOVE = YES;
				CLANG_WARN_UNGUARDED_AVAILABILITY = YES_AGGRESSIVE;
				CLANG_WARN_UNREACHABLE_CODE = YES;
				CLANG_WARN__DUPLICATE_METHOD_MATCH = YES;
				COPY_PHASE_STRIP = NO;
				DEBUG_INFORMATION_FORMAT = "dwarf-with-dsym";
				ENABLE_NS_ASSERTIONS = NO;
				ENABLE_STRICT_OBJC_MSGSEND = YES;
				GCC_C_LANGUAGE_STANDARD = gnu11;
				GCC_NO_COMMON_BLOCKS = YES;
				GCC_WARN_64_TO_32_BIT_CONVERSION = YES;
				GCC_WARN_ABOUT_RETURN_TYPE = YES_ERROR;
				GCC_WARN_UNDECLARED_SELECTOR = YES;
				GCC_WARN_UNINITIALIZED_AUTOS = YES_AGGRESSIVE;
				GCC_WARN_UNUSED_FUNCTION = YES;
				GCC_WARN_UNUSED_VARIABLE = YES;
				IPHONEOS_DEPLOYMENT_TARGET = 15.5;
				MTL_ENABLE_DEBUG_INFO = NO;
				MTL_FAST_MATH = YES;
				SDKROOT = iphoneos;
				SWIFT_COMPILATION_MODE = wholemodule;
				SWIFT_OPTIMIZATION_LEVEL = "-O";
				VALIDATE_PRODUCT = YES;
			};
			name = Release;
		};
		5ADFAF17297958250003A98D /* Debug */ = {
			isa = XCBuildConfiguration;
			buildSettings = {
				ASSETCATALOG_COMPILER_APPICON_NAME = AppIcon;
				ASSETCATALOG_COMPILER_GLOBAL_ACCENT_COLOR_NAME = AccentColor;
				CODE_SIGN_ENTITLEMENTS = PassKeysPOC/PassKeysPOC.entitlements;
				CODE_SIGN_IDENTITY = "Apple Development: Jnanesh Nayak (QQ4E7JP8E3)";
				CODE_SIGN_STYLE = Manual;
				CURRENT_PROJECT_VERSION = 1;
				DEVELOPMENT_TEAM = 849UP4BSN8;
				GENERATE_INFOPLIST_FILE = YES;
				INFOPLIST_FILE = PassKeysPOC/Info.plist;
				INFOPLIST_KEY_UIApplicationSupportsIndirectInputEvents = YES;
				INFOPLIST_KEY_UILaunchStoryboardName = LaunchScreen;
				INFOPLIST_KEY_UIMainStoryboardFile = Main;
				INFOPLIST_KEY_UISupportedInterfaceOrientations_iPad = "UIInterfaceOrientationPortrait UIInterfaceOrientationPortraitUpsideDown UIInterfaceOrientationLandscapeLeft UIInterfaceOrientationLandscapeRight";
				INFOPLIST_KEY_UISupportedInterfaceOrientations_iPhone = "UIInterfaceOrientationPortrait UIInterfaceOrientationLandscapeLeft UIInterfaceOrientationLandscapeRight";
				LD_RUNPATH_SEARCH_PATHS = (
					"$(inherited)",
					"@executable_path/Frameworks",
				);
				MARKETING_VERSION = 1.0;
				PRODUCT_BUNDLE_IDENTIFIER = com.ymedialabs.devteam;
				PRODUCT_NAME = "$(TARGET_NAME)";
				PROVISIONING_PROFILE_SPECIFIER = "Dev Team";
				SWIFT_EMIT_LOC_STRINGS = YES;
				SWIFT_VERSION = 5.0;
				TARGETED_DEVICE_FAMILY = "1,2";
			};
			name = Debug;
		};
		5ADFAF18297958250003A98D /* Release */ = {
			isa = XCBuildConfiguration;
			buildSettings = {
				ASSETCATALOG_COMPILER_APPICON_NAME = AppIcon;
				ASSETCATALOG_COMPILER_GLOBAL_ACCENT_COLOR_NAME = AccentColor;
				CODE_SIGN_ENTITLEMENTS = PassKeysPOC/PassKeysPOC.entitlements;
				CODE_SIGN_IDENTITY = "Apple Development: Jnanesh Nayak (QQ4E7JP8E3)";
				CODE_SIGN_STYLE = Manual;
				CURRENT_PROJECT_VERSION = 1;
				DEVELOPMENT_TEAM = 849UP4BSN8;
				GENERATE_INFOPLIST_FILE = YES;
				INFOPLIST_FILE = PassKeysPOC/Info.plist;
				INFOPLIST_KEY_UIApplicationSupportsIndirectInputEvents = YES;
				INFOPLIST_KEY_UILaunchStoryboardName = LaunchScreen;
				INFOPLIST_KEY_UIMainStoryboardFile = Main;
				INFOPLIST_KEY_UISupportedInterfaceOrientations_iPad = "UIInterfaceOrientationPortrait UIInterfaceOrientationPortraitUpsideDown UIInterfaceOrientationLandscapeLeft UIInterfaceOrientationLandscapeRight";
				INFOPLIST_KEY_UISupportedInterfaceOrientations_iPhone = "UIInterfaceOrientationPortrait UIInterfaceOrientationLandscapeLeft UIInterfaceOrientationLandscapeRight";
				LD_RUNPATH_SEARCH_PATHS = (
					"$(inherited)",
					"@executable_path/Frameworks",
				);
				MARKETING_VERSION = 1.0;
				PRODUCT_BUNDLE_IDENTIFIER = com.ymedialabs.devteam;
				PRODUCT_NAME = "$(TARGET_NAME)";
				PROVISIONING_PROFILE_SPECIFIER = "Dev Team";
				SWIFT_EMIT_LOC_STRINGS = YES;
				SWIFT_VERSION = 5.0;
				TARGETED_DEVICE_FAMILY = "1,2";
			};
			name = Release;
		};
/* End XCBuildConfiguration section */

/* Begin XCConfigurationList section */
		5ADFAEFD297958240003A98D /* Build configuration list for PBXProject "PassKeysPOC" */ = {
			isa = XCConfigurationList;
			buildConfigurations = (
				5ADFAF14297958250003A98D /* Debug */,
				5ADFAF15297958250003A98D /* Release */,
			);
			defaultConfigurationIsVisible = 0;
			defaultConfigurationName = Release;
		};
		5ADFAF16297958250003A98D /* Build configuration list for PBXNativeTarget "PassKeysPOC" */ = {
			isa = XCConfigurationList;
			buildConfigurations = (
				5ADFAF17297958250003A98D /* Debug */,
				5ADFAF18297958250003A98D /* Release */,
			);
			defaultConfigurationIsVisible = 0;
			defaultConfigurationName = Release;
		};
/* End XCConfigurationList section */
	};
	rootObject = 5ADFAEFA297958240003A98D /* Project object */;
}
